
Microsoft Visual Studio Solution File, Format Version 12.00
# Visual Studio Version 17
VisualStudioVersion = 17.9.34622.214
MinimumVisualStudioVersion = 10.0.40219.1
Project("{9A19103F-16F7-4668-BE54-9A1E7A4F7556}") = "WebMVC", "WebMVC\WebMVC.csproj", "{D9B8B32F-C84E-4BAC-A33B-CFBA4F1DF2F4}"
EndProject
Project("{9A19103F-16F7-4668-BE54-9A1E7A4F7556}") = "DTOs", "DTOs\DTOs.csproj", "{EAA747E5-0129-4B43-A1FE-E30EC7476C67}"
EndProject
Global
	GlobalSection(SolutionConfigurationPlatforms) = preSolution
		Debug|Any CPU = Debug|Any CPU
		Release|Any CPU = Release|Any CPU
	EndGlobalSection
	GlobalSection(ProjectConfigurationPlatforms) = postSolution
		{D9B8B32F-C84E-4BAC-A33B-CFBA4F1DF2F4}.Debug|Any CPU.ActiveCfg = Debug|Any CPU
		{D9B8B32F-C84E-4BAC-A33B-CFBA4F1DF2F4}.Debug|Any CPU.Build.0 = Debug|Any CPU
		{D9B8B32F-C84E-4BAC-A33B-CFBA4F1DF2F4}.Release|Any CPU.ActiveCfg = Release|Any CPU
		{D9B8B32F-C84E-4BAC-A33B-CFBA4F1DF2F4}.Release|Any CPU.Build.0 = Release|Any CPU
		{EAA747E5-0129-4B43-A1FE-E30EC7476C67}.Debug|Any CPU.ActiveCfg = Debug|Any CPU
		{EAA747E5-0129-4B43-A1FE-E30EC7476C67}.Debug|Any CPU.Build.0 = Debug|Any CPU
		{EAA747E5-0129-4B43-A1FE-E30EC7476C67}.Release|Any CPU.ActiveCfg = Release|Any CPU
		{EAA747E5-0129-4B43-A1FE-E30EC7476C67}.Release|Any CPU.Build.0 = Release|Any CPU
	EndGlobalSection
	GlobalSection(SolutionProperties) = preSolution
		HideSolutionNode = FALSE
	EndGlobalSection
	GlobalSection(ExtensibilityGlobals) = postSolution
		SolutionGuid = {884057FF-F0E8-4C69-A601-4546AC9310B2}
	EndGlobalSection
EndGlobal
